
Microsoft Visual Studio Solution File, Format Version 12.00
# Visual Studio Version 17
VisualStudioVersion = 17.12.35527.113
MinimumVisualStudioVersion = 10.0.40219.1
Project("{FAE04EC0-301F-11D3-BF4B-00C04F79EFBC}") = "ReservationBicycles", "ReservationBicycles\ReservationBicycles.csproj", "{67E580CE-4285-44A2-9F03-7CED90F43B48}"
EndProject
Project("{FAE04EC0-301F-11D3-BF4B-00C04F79EFBC}") = "DAL", "DAL\DAL.csproj", "{BC180AF3-144B-40A7-AD18-40FC7A32B905}"
EndProject
Global
	GlobalSection(SolutionConfigurationPlatforms) = preSolution
		Debug|Any CPU = Debug|Any CPU
		Release|Any CPU = Release|Any CPU
	EndGlobalSection
	GlobalSection(ProjectConfigurationPlatforms) = postSolution
		{67E580CE-4285-44A2-9F03-7CED90F43B48}.Debug|Any CPU.ActiveCfg = Debug|Any CPU
		{67E580CE-4285-44A2-9F03-7CED90F43B48}.Debug|Any CPU.Build.0 = Debug|Any CPU
		{67E580CE-4285-44A2-9F03-7CED90F43B48}.Release|Any CPU.ActiveCfg = Release|Any CPU
		{67E580CE-4285-44A2-9F03-7CED90F43B48}.Release|Any CPU.Build.0 = Release|Any CPU
		{BC180AF3-144B-40A7-AD18-40FC7A32B905}.Debug|Any CPU.ActiveCfg = Debug|Any CPU
		{BC180AF3-144B-40A7-AD18-40FC7A32B905}.Debug|Any CPU.Build.0 = Debug|Any CPU
		{BC180AF3-144B-40A7-AD18-40FC7A32B905}.Release|Any CPU.ActiveCfg = Release|Any CPU
		{BC180AF3-144B-40A7-AD18-40FC7A32B905}.Release|Any CPU.Build.0 = Release|Any CPU
	EndGlobalSection
	GlobalSection(SolutionProperties) = preSolution
		HideSolutionNode = FALSE
	EndGlobalSection
EndGlobal
